
Microsoft Visual Studio Solution File, Format Version 12.00
# Visual Studio Version 17
VisualStudioVersion = 17.4.33213.308
MinimumVisualStudioVersion = 10.0.40219.1
Project("{8BC9CEB8-8B4A-11D0-8D11-00A0C91BC942}") = "Ejercicio1", "Ejercicio1\Ejercicio1.vcxproj", "{24CBEF91-E659-464A-AEB5-3310DCC0545B}"
EndProject
Project("{8BC9CEB8-8B4A-11D0-8D11-00A0C91BC942}") = "Ejercicio2", "Ejercicio2\Ejercicio2.vcxproj", "{8D8D3667-2922-4B0D-A4E6-5684B2D946B8}"
EndProject
Project("{8BC9CEB8-8B4A-11D0-8D11-00A0C91BC942}") = "Ejercicio3", "Ejercicio3\Ejercicio3.vcxproj", "{E879CFFA-D11E-4B54-B06B-0406B0C200DF}"
EndProject
Project("{8BC9CEB8-8B4A-11D0-8D11-00A0C91BC942}") = "Ejercicio4", "Ejercicio4\Ejercicio4.vcxproj", "{3F378205-7B61-4C21-8AC7-FF9E03AD53A5}"
EndProject
Project("{8BC9CEB8-8B4A-11D0-8D11-00A0C91BC942}") = "Ejercicio5", "Ejercicio5\Ejercicio5.vcxproj", "{FF58CE8D-AAE0-4540-AD70-CBD927AABFE2}"
EndProject
Project("{8BC9CEB8-8B4A-11D0-8D11-00A0C91BC942}") = "Ejercicio6", "Ejercicio6\Ejercicio6.vcxproj", "{2E00F37A-84E1-454D-B37C-AC99A43FAC10}"
EndProject
Project("{8BC9CEB8-8B4A-11D0-8D11-00A0C91BC942}") = "Ejercicio7", "Ejercicio7\Ejercicio7.vcxproj", "{EC9544DB-ACDE-452E-9C63-FCDA1A549149}"
EndProject
Project("{8BC9CEB8-8B4A-11D0-8D11-00A0C91BC942}") = "Ejercicio8", "Ejercicio8\Ejercicio8.vcxproj", "{89AD630F-43DD-4629-ABB5-8D7980C8E739}"
EndProject
Project("{8BC9CEB8-8B4A-11D0-8D11-00A0C91BC942}") = "Ejercicio9", "Ejercicio9\Ejercicio9.vcxproj", "{0762A760-5CE9-451D-B788-0BA67E3FE956}"
EndProject
Project("{8BC9CEB8-8B4A-11D0-8D11-00A0C91BC942}") = "Ejercicio10", "Ejercicio10\Ejercicio10.vcxproj", "{54F0E145-2AE8-415F-815D-C85DA7F1CCB1}"
EndProject
Project("{8BC9CEB8-8B4A-11D0-8D11-00A0C91BC942}") = "Ejercicio11", "Ejercicio11\Ejercicio11.vcxproj", "{53F51581-B107-4D27-9264-89F4672C0077}"
EndProject
Project("{8BC9CEB8-8B4A-11D0-8D11-00A0C91BC942}") = "Ejercicio12", "Ejercicio12\Ejercicio12.vcxproj", "{246C4933-8F1C-4ABD-8D2B-E4884B3F71F9}"
EndProject
Global
	GlobalSection(SolutionConfigurationPlatforms) = preSolution
		Debug|x64 = Debug|x64
		Debug|x86 = Debug|x86
		Release|x64 = Release|x64
		Release|x86 = Release|x86
	EndGlobalSection
	GlobalSection(ProjectConfigurationPlatforms) = postSolution
		{24CBEF91-E659-464A-AEB5-3310DCC0545B}.Debug|x64.ActiveCfg = Debug|x64
		{24CBEF91-E659-464A-AEB5-3310DCC0545B}.Debug|x64.Build.0 = Debug|x64
		{24CBEF91-E659-464A-AEB5-3310DCC0545B}.Debug|x86.ActiveCfg = Debug|Win32
		{24CBEF91-E659-464A-AEB5-3310DCC0545B}.Debug|x86.Build.0 = Debug|Win32
		{24CBEF91-E659-464A-AEB5-3310DCC0545B}.Release|x64.ActiveCfg = Release|x64
		{24CBEF91-E659-464A-AEB5-3310DCC0545B}.Release|x64.Build.0 = Release|x64
		{24CBEF91-E659-464A-AEB5-3310DCC0545B}.Release|x86.ActiveCfg = Release|Win32
		{24CBEF91-E659-464A-AEB5-3310DCC0545B}.Release|x86.Build.0 = Release|Win32
		{8D8D3667-2922-4B0D-A4E6-5684B2D946B8}.Debug|x64.ActiveCfg = Debug|x64
		{8D8D3667-2922-4B0D-A4E6-5684B2D946B8}.Debug|x64.Build.0 = Debug|x64
		{8D8D3667-2922-4B0D-A4E6-5684B2D946B8}.Debug|x86.ActiveCfg = Debug|Win32
		{8D8D3667-2922-4B0D-A4E6-5684B2D946B8}.Debug|x86.Build.0 = Debug|Win32
		{8D8D3667-2922-4B0D-A4E6-5684B2D946B8}.Release|x64.ActiveCfg = Release|x64
		{8D8D3667-2922-4B0D-A4E6-5684B2D946B8}.Release|x64.Build.0 = Release|x64
		{8D8D3667-2922-4B0D-A4E6-5684B2D946B8}.Release|x86.ActiveCfg = Release|Win32
		{8D8D3667-2922-4B0D-A4E6-5684B2D946B8}.Release|x86.Build.0 = Release|Win32
		{E879CFFA-D11E-4B54-B06B-0406B0C200DF}.Debug|x64.ActiveCfg = Debug|x64
		{E879CFFA-D11E-4B54-B06B-0406B0C200DF}.Debug|x64.Build.0 = Debug|x64
		{E879CFFA-D11E-4B54-B06B-0406B0C200DF}.Debug|x86.ActiveCfg = Debug|Win32
		{E879CFFA-D11E-4B54-B06B-0406B0C200DF}.Debug|x86.Build.0 = Debug|Win32
		{E879CFFA-D11E-4B54-B06B-0406B0C200DF}.Release|x64.ActiveCfg = Release|x64
		{E879CFFA-D11E-4B54-B06B-0406B0C200DF}.Release|x64.Build.0 = Release|x64
		{E879CFFA-D11E-4B54-B06B-0406B0C200DF}.Release|x86.ActiveCfg = Release|Win32
		{E879CFFA-D11E-4B54-B06B-0406B0C200DF}.Release|x86.Build.0 = Release|Win32
		{3F378205-7B61-4C21-8AC7-FF9E03AD53A5}.Debug|x64.ActiveCfg = Debug|x64
		{3F378205-7B61-4C21-8AC7-FF9E03AD53A5}.Debug|x64.Build.0 = Debug|x64
		{3F378205-7B61-4C21-8AC7-FF9E03AD53A5}.Debug|x86.ActiveCfg = Debug|Win32
		{3F378205-7B61-4C21-8AC7-FF9E03AD53A5}.Debug|x86.Build.0 = Debug|Win32
		{3F378205-7B61-4C21-8AC7-FF9E03AD53A5}.Release|x64.ActiveCfg = Release|x64
		{3F378205-7B61-4C21-8AC7-FF9E03AD53A5}.Release|x64.Build.0 = Release|x64
		{3F378205-7B61-4C21-8AC7-FF9E03AD53A5}.Release|x86.ActiveCfg = Release|Win32
		{3F378205-7B61-4C21-8AC7-FF9E03AD53A5}.Release|x86.Build.0 = Release|Win32
		{FF58CE8D-AAE0-4540-AD70-CBD927AABFE2}.Debug|x64.ActiveCfg = Debug|x64
		{FF58CE8D-AAE0-4540-AD70-CBD927AABFE2}.Debug|x64.Build.0 = Debug|x64
		{FF58CE8D-AAE0-4540-AD70-CBD927AABFE2}.Debug|x86.ActiveCfg = Debug|Win32
		{FF58CE8D-AAE0-4540-AD70-CBD927AABFE2}.Debug|x86.Build.0 = Debug|Win32
		{FF58CE8D-AAE0-4540-AD70-CBD927AABFE2}.Release|x64.ActiveCfg = Release|x64
		{FF58CE8D-AAE0-4540-AD70-CBD927AABFE2}.Release|x64.Build.0 = Release|x64
		{FF58CE8D-AAE0-4540-AD70-CBD927AABFE2}.Release|x86.ActiveCfg = Release|Win32
		{FF58CE8D-AAE0-4540-AD70-CBD927AABFE2}.Release|x86.Build.0 = Release|Win32
		{2E00F37A-84E1-454D-B37C-AC99A43FAC10}.Debug|x64.ActiveCfg = Debug|x64
		{2E00F37A-84E1-454D-B37C-AC99A43FAC10}.Debug|x64.Build.0 = Debug|x64
		{2E00F37A-84E1-454D-B37C-AC99A43FAC10}.Debug|x86.ActiveCfg = Debug|Win32
		{2E00F37A-84E1-454D-B37C-AC99A43FAC10}.Debug|x86.Build.0 = Debug|Win32
		{2E00F37A-84E1-454D-B37C-AC99A43FAC10}.Release|x64.ActiveCfg = Release|x64
		{2E00F37A-84E1-454D-B37C-AC99A43FAC10}.Release|x64.Build.0 = Release|x64
		{2E00F37A-84E1-454D-B37C-AC99A43FAC10}.Release|x86.ActiveCfg = Release|Win32
		{2E00F37A-84E1-454D-B37C-AC99A43FAC10}.Release|x86.Build.0 = Release|Win32
		{EC9544DB-ACDE-452E-9C63-FCDA1A549149}.Debug|x64.ActiveCfg = Debug|x64
		{EC9544DB-ACDE-452E-9C63-FCDA1A549149}.Debug|x64.Build.0 = Debug|x64
		{EC9544DB-ACDE-452E-9C63-FCDA1A549149}.Debug|x86.ActiveCfg = Debug|Win32
		{EC9544DB-ACDE-452E-9C63-FCDA1A549149}.Debug|x86.Build.0 = Debug|Win32
		{EC9544DB-ACDE-452E-9C63-FCDA1A549149}.Release|x64.ActiveCfg = Release|x64
		{EC9544DB-ACDE-452E-9C63-FCDA1A549149}.Release|x64.Build.0 = Release|x64
		{EC9544DB-ACDE-452E-9C63-FCDA1A549149}.Release|x86.ActiveCfg = Release|Win32
		{EC9544DB-ACDE-452E-9C63-FCDA1A549149}.Release|x86.Build.0 = Release|Win32
		{89AD630F-43DD-4629-ABB5-8D7980C8E739}.Debug|x64.ActiveCfg = Debug|x64
		{89AD630F-43DD-4629-ABB5-8D7980C8E739}.Debug|x64.Build.0 = Debug|x64
		{89AD630F-43DD-4629-ABB5-8D7980C8E739}.Debug|x86.ActiveCfg = Debug|Win32
		{89AD630F-43DD-4629-ABB5-8D7980C8E739}.Debug|x86.Build.0 = Debug|Win32
		{89AD630F-43DD-4629-ABB5-8D7980C8E739}.Release|x64.ActiveCfg = Release|x64
		{89AD630F-43DD-4629-ABB5-8D7980C8E739}.Release|x64.Build.0 = Release|x64
		{89AD630F-43DD-4629-ABB5-8D7980C8E739}.Release|x86.ActiveCfg = Release|Win32
		{89AD630F-43DD-4629-ABB5-8D7980C8E739}.Release|x86.Build.0 = Release|Win32
		{0762A760-5CE9-451D-B788-0BA67E3FE956}.Debug|x64.ActiveCfg = Debug|x64
		{0762A760-5CE9-451D-B788-0BA67E3FE956}.Debug|x64.Build.0 = Debug|x64
		{0762A760-5CE9-451D-B788-0BA67E3FE956}.Debug|x86.ActiveCfg = Debug|Win32
		{0762A760-5CE9-451D-B788-0BA67E3FE956}.Debug|x86.Build.0 = Debug|Win32
		{0762A760-5CE9-451D-B788-0BA67E3FE956}.Release|x64.ActiveCfg = Release|x64
		{0762A760-5CE9-451D-B788-0BA67E3FE956}.Release|x64.Build.0 = Release|x64
		{0762A760-5CE9-451D-B788-0BA67E3FE956}.Release|x86.ActiveCfg = Release|Win32
		{0762A760-5CE9-451D-B788-0BA67E3FE956}.Release|x86.Build.0 = Release|Win32
		{54F0E145-2AE8-415F-815D-C85DA7F1CCB1}.Debug|x64.ActiveCfg = Debug|x64
		{54F0E145-2AE8-415F-815D-C85DA7F1CCB1}.Debug|x64.Build.0 = Debug|x64
		{54F0E145-2AE8-415F-815D-C85DA7F1CCB1}.Debug|x86.ActiveCfg = Debug|Win32
		{54F0E145-2AE8-415F-815D-C85DA7F1CCB1}.Debug|x86.Build.0 = Debug|Win32
		{54F0E145-2AE8-415F-815D-C85DA7F1CCB1}.Release|x64.ActiveCfg = Release|x64
		{54F0E145-2AE8-415F-815D-C85DA7F1CCB1}.Release|x64.Build.0 = Release|x64
		{54F0E145-2AE8-415F-815D-C85DA7F1CCB1}.Release|x86.ActiveCfg = Release|Win32
		{54F0E145-2AE8-415F-815D-C85DA7F1CCB1}.Release|x86.Build.0 = Release|Win32
		{53F51581-B107-4D27-9264-89F4672C0077}.Debug|x64.ActiveCfg = Debug|x64
		{53F51581-B107-4D27-9264-89F4672C0077}.Debug|x64.Build.0 = Debug|x64
		{53F51581-B107-4D27-9264-89F4672C0077}.Debug|x86.ActiveCfg = Debug|Win32
		{53F51581-B107-4D27-9264-89F4672C0077}.Debug|x86.Build.0 = Debug|Win32
		{53F51581-B107-4D27-9264-89F4672C0077}.Release|x64.ActiveCfg = Release|x64
		{53F51581-B107-4D27-9264-89F4672C0077}.Release|x64.Build.0 = Release|x64
		{53F51581-B107-4D27-9264-89F4672C0077}.Release|x86.ActiveCfg = Release|Win32
		{53F51581-B107-4D27-9264-89F4672C0077}.Release|x86.Build.0 = Release|Win32
		{246C4933-8F1C-4ABD-8D2B-E4884B3F71F9}.Debug|x64.ActiveCfg = Debug|x64
		{246C4933-8F1C-4ABD-8D2B-E4884B3F71F9}.Debug|x64.Build.0 = Debug|x64
		{246C4933-8F1C-4ABD-8D2B-E4884B3F71F9}.Debug|x86.ActiveCfg = Debug|Win32
		{246C4933-8F1C-4ABD-8D2B-E4884B3F71F9}.Debug|x86.Build.0 = Debug|Win32
		{246C4933-8F1C-4ABD-8D2B-E4884B3F71F9}.Release|x64.ActiveCfg = Release|x64
		{246C4933-8F1C-4ABD-8D2B-E4884B3F71F9}.Release|x64.Build.0 = Release|x64
		{246C4933-8F1C-4ABD-8D2B-E4884B3F71F9}.Release|x86.ActiveCfg = Release|Win32
		{246C4933-8F1C-4ABD-8D2B-E4884B3F71F9}.Release|x86.Build.0 = Release|Win32
	EndGlobalSection
	GlobalSection(SolutionProperties) = preSolution
		HideSolutionNode = FALSE
	EndGlobalSection
	GlobalSection(ExtensibilityGlobals) = postSolution
		SolutionGuid = {A3C9EFE5-76F4-479E-83E5-CBED4579C978}
	EndGlobalSection
EndGlobal
